
Microsoft Visual Studio Solution File, Format Version 12.00
# Visual Studio Version 17
VisualStudioVersion = 17.3.32811.315
MinimumVisualStudioVersion = 10.0.40219.1
Project("{9A19103F-16F7-4668-BE54-9A1E7A4F7556}") = "MyWebApp", "MyWebApp\MyWebApp.csproj", "{DEA2B1E6-7D22-44F5-891C-FD2F7AEFDEA9}"
EndProject
Project("{9A19103F-16F7-4668-BE54-9A1E7A4F7556}") = "MyLibrary", "MyLibrary\MyLibrary.csproj", "{7117E071-411F-4405-B0D6-4A305560E187}"
EndProject
Project("{9A19103F-16F7-4668-BE54-9A1E7A4F7556}") = "MyLibrary.Tests", "MyLibrary.Tests\MyLibrary.Tests.csproj", "{DB55B2DB-3682-4951-AA0D-0F3C690DEAAE}"
EndProject
Project("{2150E333-8FDC-42A3-9474-1A3956D46DE8}") = "Solution Items", "Solution Items", "{1AD83532-A34B-40F6-90A8-94AD8D070697}"
	ProjectSection(SolutionItems) = preProject
		azure-pipelines.yml = azure-pipelines.yml
		build.cake = build.cake
		.config\dotnet-tools.json = .config\dotnet-tools.json
	EndProjectSection
EndProject
Global
	GlobalSection(SolutionConfigurationPlatforms) = preSolution
		Debug|Any CPU = Debug|Any CPU
		Release|Any CPU = Release|Any CPU
	EndGlobalSection
	GlobalSection(ProjectConfigurationPlatforms) = postSolution
		{DEA2B1E6-7D22-44F5-891C-FD2F7AEFDEA9}.Debug|Any CPU.ActiveCfg = Debug|Any CPU
		{DEA2B1E6-7D22-44F5-891C-FD2F7AEFDEA9}.Debug|Any CPU.Build.0 = Debug|Any CPU
		{DEA2B1E6-7D22-44F5-891C-FD2F7AEFDEA9}.Release|Any CPU.ActiveCfg = Release|Any CPU
		{DEA2B1E6-7D22-44F5-891C-FD2F7AEFDEA9}.Release|Any CPU.Build.0 = Release|Any CPU
		{7117E071-411F-4405-B0D6-4A305560E187}.Debug|Any CPU.ActiveCfg = Debug|Any CPU
		{7117E071-411F-4405-B0D6-4A305560E187}.Debug|Any CPU.Build.0 = Debug|Any CPU
		{7117E071-411F-4405-B0D6-4A305560E187}.Release|Any CPU.ActiveCfg = Release|Any CPU
		{7117E071-411F-4405-B0D6-4A305560E187}.Release|Any CPU.Build.0 = Release|Any CPU
		{DB55B2DB-3682-4951-AA0D-0F3C690DEAAE}.Debug|Any CPU.ActiveCfg = Debug|Any CPU
		{DB55B2DB-3682-4951-AA0D-0F3C690DEAAE}.Debug|Any CPU.Build.0 = Debug|Any CPU
		{DB55B2DB-3682-4951-AA0D-0F3C690DEAAE}.Release|Any CPU.ActiveCfg = Release|Any CPU
		{DB55B2DB-3682-4951-AA0D-0F3C690DEAAE}.Release|Any CPU.Build.0 = Release|Any CPU
	EndGlobalSection
	GlobalSection(SolutionProperties) = preSolution
		HideSolutionNode = FALSE
	EndGlobalSection
	GlobalSection(ExtensibilityGlobals) = postSolution
		SolutionGuid = {52A932F8-7606-48BA-A6C9-BF18CFAEDE72}
	EndGlobalSection
EndGlobal
